
Microsoft Visual Studio Solution File, Format Version 12.00
# Visual Studio Version 17
VisualStudioVersion = 17.13.35931.197 d17.13
MinimumVisualStudioVersion = 10.0.40219.1
Project("{54A90642-561A-4BB1-A94E-469ADEE60C69}") = "loginsimuladoscv", "LoginSimuladoSCV\loginsimuladoscv.esproj", "{D67294DC-29F8-3A6B-AED6-357FCAF4E5E6}"
EndProject
Global
	GlobalSection(SolutionConfigurationPlatforms) = preSolution
		Debug|Any CPU = Debug|Any CPU
		Release|Any CPU = Release|Any CPU
	EndGlobalSection
	GlobalSection(ProjectConfigurationPlatforms) = postSolution
		{D67294DC-29F8-3A6B-AED6-357FCAF4E5E6}.Debug|Any CPU.ActiveCfg = Debug|Any CPU
		{D67294DC-29F8-3A6B-AED6-357FCAF4E5E6}.Debug|Any CPU.Build.0 = Debug|Any CPU
		{D67294DC-29F8-3A6B-AED6-357FCAF4E5E6}.Debug|Any CPU.Deploy.0 = Debug|Any CPU
		{D67294DC-29F8-3A6B-AED6-357FCAF4E5E6}.Release|Any CPU.ActiveCfg = Release|Any CPU
		{D67294DC-29F8-3A6B-AED6-357FCAF4E5E6}.Release|Any CPU.Build.0 = Release|Any CPU
		{D67294DC-29F8-3A6B-AED6-357FCAF4E5E6}.Release|Any CPU.Deploy.0 = Release|Any CPU
	EndGlobalSection
	GlobalSection(SolutionProperties) = preSolution
		HideSolutionNode = FALSE
	EndGlobalSection
	GlobalSection(ExtensibilityGlobals) = postSolution
		SolutionGuid = {6F473982-684C-4257-AFEF-614CE75ECEEF}
	EndGlobalSection
EndGlobal
